{
  "name": "buefydarkmode",
  "version": "1.0.0",
  "lockfileVersion": 2,
  "requires": true,
  "packages": {
    "": {
      "name": "buefydarkmode",
      "version": "1.0.0",
      "license": "ISC",
      "dependencies": {
        "buefy": "^0.9.19"
      }
    },
    "node_modules/buefy": {
      "version": "0.9.19",
      "resolved": "https://registry.npmjs.org/buefy/-/buefy-0.9.19.tgz",
      "integrity": "sha512-5AonCrtZvTfoWJwqmoTl8JbHjjn/U+q0LrSScgUWRZBaquzb8xgzWoownG4dzNHq5veQdOOxA0aUVyK+x7X07g==",
      "dependencies": {
        "bulma": "0.9.3"
      },
      "engines": {
        "node": ">= 4.0.0",
        "npm": ">= 3.0.0"
      },
      "peerDependencies": {
        "vue": "^2.6.11"
      }
    },
    "node_modules/bulma": {
      "version": "0.9.3",
      "resolved": "https://registry.npmjs.org/bulma/-/bulma-0.9.3.tgz",
      "integrity": "sha512-0d7GNW1PY4ud8TWxdNcP6Cc8Bu7MxcntD/RRLGWuiw/s0a9P+XlH/6QoOIrmbj6o8WWJzJYhytiu9nFjTszk1g=="
    },
    "node_modules/vue": {
      "version": "2.6.14",
      "resolved": "https://registry.npmjs.org/vue/-/vue-2.6.14.tgz",
      "integrity": "sha512-x2284lgYvjOMj3Za7kqzRcUSxBboHqtgRE2zlos1qWaOye5yUmHn42LB1250NJBLRwEcdrB0JRwyPTEPhfQjiQ==",
      "peer": true
    }
  },
  "dependencies": {
    "buefy": {
      "version": "0.9.19",
      "resolved": "https://registry.npmjs.org/buefy/-/buefy-0.9.19.tgz",
      "integrity": "sha512-5AonCrtZvTfoWJwqmoTl8JbHjjn/U+q0LrSScgUWRZBaquzb8xgzWoownG4dzNHq5veQdOOxA0aUVyK+x7X07g==",
      "requires": {
        "bulma": "0.9.3"
      }
    },
    "bulma": {
      "version": "0.9.3",
      "resolved": "https://registry.npmjs.org/bulma/-/bulma-0.9.3.tgz",
      "integrity": "sha512-0d7GNW1PY4ud8TWxdNcP6Cc8Bu7MxcntD/RRLGWuiw/s0a9P+XlH/6QoOIrmbj6o8WWJzJYhytiu9nFjTszk1g=="
    },
    "vue": {
      "version": "2.6.14",
      "resolved": "https://registry.npmjs.org/vue/-/vue-2.6.14.tgz",
      "integrity": "sha512-x2284lgYvjOMj3Za7kqzRcUSxBboHqtgRE2zlos1qWaOye5yUmHn42LB1250NJBLRwEcdrB0JRwyPTEPhfQjiQ==",
      "peer": true
    }
  }
}
